
Microsoft Visual Studio Solution File, Format Version 12.00
# Visual Studio 14
VisualStudioVersion = 14.0.25420.1
MinimumVisualStudioVersion = 10.0.40219.1
Project("{FAE04EC0-301F-11D3-BF4B-00C04F79EFBC}") = "question3try1", "question3try1\question3try1.csproj", "{76DA0236-A05B-4D3A-916C-FD5A33E0ECDE}"
EndProject
Project("{FAE04EC0-301F-11D3-BF4B-00C04F79EFBC}") = "UnitTestProject1", "UnitTestProject1\UnitTestProject1.csproj", "{63593DF2-108E-49DD-B47A-414E038AECA5}"
EndProject
Global
	GlobalSection(SolutionConfigurationPlatforms) = preSolution
		Debug|Any CPU = Debug|Any CPU
		Release|Any CPU = Release|Any CPU
	EndGlobalSection
	GlobalSection(ProjectConfigurationPlatforms) = postSolution
		{76DA0236-A05B-4D3A-916C-FD5A33E0ECDE}.Debug|Any CPU.ActiveCfg = Debug|Any CPU
		{76DA0236-A05B-4D3A-916C-FD5A33E0ECDE}.Debug|Any CPU.Build.0 = Debug|Any CPU
		{76DA0236-A05B-4D3A-916C-FD5A33E0ECDE}.Release|Any CPU.ActiveCfg = Release|Any CPU
		{76DA0236-A05B-4D3A-916C-FD5A33E0ECDE}.Release|Any CPU.Build.0 = Release|Any CPU
		{63593DF2-108E-49DD-B47A-414E038AECA5}.Debug|Any CPU.ActiveCfg = Debug|Any CPU
		{63593DF2-108E-49DD-B47A-414E038AECA5}.Debug|Any CPU.Build.0 = Debug|Any CPU
		{63593DF2-108E-49DD-B47A-414E038AECA5}.Release|Any CPU.ActiveCfg = Release|Any CPU
		{63593DF2-108E-49DD-B47A-414E038AECA5}.Release|Any CPU.Build.0 = Release|Any CPU
	EndGlobalSection
	GlobalSection(SolutionProperties) = preSolution
		HideSolutionNode = FALSE
	EndGlobalSection
EndGlobal
